Microsoft Visual Studio Solution File, Format Version 12.00
# Visual Studio Version 17
VisualStudioVersion = 17.5.2.0
MinimumVisualStudioVersion = 10.0.40219.1
Project("{FAE04EC0-301F-11D3-BF4B-00C04F79EFBC}") = "Qobuzarr", "Qobuzarr.csproj", "{83080DAC-7EC2-1DCA-DFD8-68E85D455F7D}"
EndProject
Project("{FAE04EC0-301F-11D3-BF4B-00C04F79EFBC}") = "QobuzCLI", "QobuzCLI\QobuzCLI.csproj", "{139BB913-F30C-1B5A-434E-022B8556B59E}"
EndProject
Project("{2150E333-8FDC-42A3-9474-1A3956D46DE8}") = "tests", "tests", "{0AB3BF05-4346-4AA6-1389-037BE0695223}"
EndProject
Project("{FAE04EC0-301F-11D3-BF4B-00C04F79EFBC}") = "TestDashboard", "tests\Dashboard\TestDashboard.csproj", "{AD52AAC1-0A9D-E002-083B-F09B2940C78F}"
EndProject
Project("{FAE04EC0-301F-11D3-BF4B-00C04F79EFBC}") = "Qobuzarr.IntegrationTests", "tests\Integration\Qobuzarr.IntegrationTests.csproj", "{860CA32A-24D2-05CA-3EBB-0599B307E115}"
EndProject
Project("{FAE04EC0-301F-11D3-BF4B-00C04F79EFBC}") = "Minimal.Tests", "tests\Minimal.Tests\Minimal.Tests.csproj", "{2654DF31-0858-1ACD-7404-2D1318965D0E}"
EndProject
Project("{FAE04EC0-301F-11D3-BF4B-00C04F79EFBC}") = "Qobuzarr.Tests", "tests\Qobuzarr.Tests\Qobuzarr.Tests.csproj", "{E71A9EEE-18E6-382E-B73B-3C0B4985B68C}"
EndProject
Project("{FAE04EC0-301F-11D3-BF4B-00C04F79EFBC}") = "QobuzCLI.Tests", "tests\QobuzCLI.Tests\QobuzCLI.Tests.csproj", "{764ED13C-B08A-FF2E-E704-AF80E539FB71}"
EndProject
Global
	GlobalSection(SolutionConfigurationPlatforms) = preSolution
		Debug|Any CPU = Debug|Any CPU
		Release|Any CPU = Release|Any CPU
	EndGlobalSection
	GlobalSection(ProjectConfigurationPlatforms) = postSolution
		{83080DAC-7EC2-1DCA-DFD8-68E85D455F7D}.Debug|Any CPU.ActiveCfg = Debug|Any CPU
		{83080DAC-7EC2-1DCA-DFD8-68E85D455F7D}.Debug|Any CPU.Build.0 = Debug|Any CPU
		{83080DAC-7EC2-1DCA-DFD8-68E85D455F7D}.Release|Any CPU.ActiveCfg = Release|Any CPU
		{83080DAC-7EC2-1DCA-DFD8-68E85D455F7D}.Release|Any CPU.Build.0 = Release|Any CPU
		{139BB913-F30C-1B5A-434E-022B8556B59E}.Debug|Any CPU.ActiveCfg = Debug|Any CPU
		{139BB913-F30C-1B5A-434E-022B8556B59E}.Debug|Any CPU.Build.0 = Debug|Any CPU
		{139BB913-F30C-1B5A-434E-022B8556B59E}.Release|Any CPU.ActiveCfg = Release|Any CPU
		{139BB913-F30C-1B5A-434E-022B8556B59E}.Release|Any CPU.Build.0 = Release|Any CPU
		{AD52AAC1-0A9D-E002-083B-F09B2940C78F}.Debug|Any CPU.ActiveCfg = Debug|Any CPU
		{AD52AAC1-0A9D-E002-083B-F09B2940C78F}.Debug|Any CPU.Build.0 = Debug|Any CPU
		{AD52AAC1-0A9D-E002-083B-F09B2940C78F}.Release|Any CPU.ActiveCfg = Release|Any CPU
		{AD52AAC1-0A9D-E002-083B-F09B2940C78F}.Release|Any CPU.Build.0 = Release|Any CPU
		{860CA32A-24D2-05CA-3EBB-0599B307E115}.Debug|Any CPU.ActiveCfg = Debug|Any CPU
		{860CA32A-24D2-05CA-3EBB-0599B307E115}.Debug|Any CPU.Build.0 = Debug|Any CPU
		{860CA32A-24D2-05CA-3EBB-0599B307E115}.Release|Any CPU.ActiveCfg = Release|Any CPU
		{860CA32A-24D2-05CA-3EBB-0599B307E115}.Release|Any CPU.Build.0 = Release|Any CPU
		{2654DF31-0858-1ACD-7404-2D1318965D0E}.Debug|Any CPU.ActiveCfg = Debug|Any CPU
		{2654DF31-0858-1ACD-7404-2D1318965D0E}.Debug|Any CPU.Build.0 = Debug|Any CPU
		{2654DF31-0858-1ACD-7404-2D1318965D0E}.Release|Any CPU.ActiveCfg = Release|Any CPU
		{2654DF31-0858-1ACD-7404-2D1318965D0E}.Release|Any CPU.Build.0 = Release|Any CPU
		{E71A9EEE-18E6-382E-B73B-3C0B4985B68C}.Debug|Any CPU.ActiveCfg = Debug|Any CPU
		{E71A9EEE-18E6-382E-B73B-3C0B4985B68C}.Debug|Any CPU.Build.0 = Debug|Any CPU
		{E71A9EEE-18E6-382E-B73B-3C0B4985B68C}.Release|Any CPU.ActiveCfg = Release|Any CPU
		{E71A9EEE-18E6-382E-B73B-3C0B4985B68C}.Release|Any CPU.Build.0 = Release|Any CPU
		{764ED13C-B08A-FF2E-E704-AF80E539FB71}.Debug|Any CPU.ActiveCfg = Debug|Any CPU
		{764ED13C-B08A-FF2E-E704-AF80E539FB71}.Debug|Any CPU.Build.0 = Debug|Any CPU
		{764ED13C-B08A-FF2E-E704-AF80E539FB71}.Release|Any CPU.ActiveCfg = Release|Any CPU
		{764ED13C-B08A-FF2E-E704-AF80E539FB71}.Release|Any CPU.Build.0 = Release|Any CPU
	EndGlobalSection
	GlobalSection(SolutionProperties) = preSolution
		HideSolutionNode = FALSE
	EndGlobalSection
	GlobalSection(NestedProjects) = preSolution
		{AD52AAC1-0A9D-E002-083B-F09B2940C78F} = {0AB3BF05-4346-4AA6-1389-037BE0695223}
		{860CA32A-24D2-05CA-3EBB-0599B307E115} = {0AB3BF05-4346-4AA6-1389-037BE0695223}
		{2654DF31-0858-1ACD-7404-2D1318965D0E} = {0AB3BF05-4346-4AA6-1389-037BE0695223}
		{E71A9EEE-18E6-382E-B73B-3C0B4985B68C} = {0AB3BF05-4346-4AA6-1389-037BE0695223}
		{764ED13C-B08A-FF2E-E704-AF80E539FB71} = {0AB3BF05-4346-4AA6-1389-037BE0695223}
	EndGlobalSection
	GlobalSection(ExtensibilityGlobals) = postSolution
		SolutionGuid = {5D29CB2B-7583-4F9D-A88D-B88E07479B5B}
	EndGlobalSection
EndGlobal
